Microsoft Visual Studio Solution File, Format Version 12.00
# Visual Studio 15
VisualStudioVersion = 15.0.27130.2027
MinimumVisualStudioVersion = 15.0.26124.0
Project("{9A19103F-16F7-4668-BE54-9A1E7A4F7556}") = "Kanban.Server", "Kanban.Server\Kanban.Server.csproj", "{75227553-679B-4C92-A696-9137FED207D4}"
EndProject
Project("{9A19103F-16F7-4668-BE54-9A1E7A4F7556}") = "Kanban.Client", "Kanban.Client\Kanban.Client.csproj", "{CB3CC6CB-57FA-4442-BB80-A8426B39FC9C}"
EndProject
Project("{9A19103F-16F7-4668-BE54-9A1E7A4F7556}") = "Kanban.Shared", "Kanban.Shared\Kanban.Shared.csproj", "{373E5570-B983-42E0-837A-BED0AE0E6C4A}"
EndProject
Project("{FAE04EC0-301F-11D3-BF4B-00C04F79EFBC}") = "Kanban.Infra.Database", "Kanban.Infra.Database\Kanban.Infra.Database.csproj", "{E04F1D4F-330B-4C18-BE06-B9BDBAB7A756}"
EndProject
Global
	GlobalSection(SolutionConfigurationPlatforms) = preSolution
		Debug|Any CPU = Debug|Any CPU
		Debug|x64 = Debug|x64
		Debug|x86 = Debug|x86
		Release|Any CPU = Release|Any CPU
		Release|x64 = Release|x64
		Release|x86 = Release|x86
	EndGlobalSection
	GlobalSection(ProjectConfigurationPlatforms) = postSolution
		{CB3CC6CB-57FA-4442-BB80-A8426B39FC9C}.Debug|Any CPU.ActiveCfg = Debug|Any CPU
		{CB3CC6CB-57FA-4442-BB80-A8426B39FC9C}.Debug|Any CPU.Build.0 = Debug|Any CPU
		{CB3CC6CB-57FA-4442-BB80-A8426B39FC9C}.Debug|x64.ActiveCfg = Debug|Any CPU
		{CB3CC6CB-57FA-4442-BB80-A8426B39FC9C}.Debug|x64.Build.0 = Debug|Any CPU
		{CB3CC6CB-57FA-4442-BB80-A8426B39FC9C}.Debug|x86.ActiveCfg = Debug|Any CPU
		{CB3CC6CB-57FA-4442-BB80-A8426B39FC9C}.Debug|x86.Build.0 = Debug|Any CPU
		{CB3CC6CB-57FA-4442-BB80-A8426B39FC9C}.Release|Any CPU.ActiveCfg = Release|Any CPU
		{CB3CC6CB-57FA-4442-BB80-A8426B39FC9C}.Release|Any CPU.Build.0 = Release|Any CPU
		{CB3CC6CB-57FA-4442-BB80-A8426B39FC9C}.Release|x64.ActiveCfg = Release|Any CPU
		{CB3CC6CB-57FA-4442-BB80-A8426B39FC9C}.Release|x64.Build.0 = Release|Any CPU
		{CB3CC6CB-57FA-4442-BB80-A8426B39FC9C}.Release|x86.ActiveCfg = Release|Any CPU
		{CB3CC6CB-57FA-4442-BB80-A8426B39FC9C}.Release|x86.Build.0 = Release|Any CPU
		{75227553-679B-4C92-A696-9137FED207D4}.Debug|Any CPU.ActiveCfg = Debug|Any CPU
		{75227553-679B-4C92-A696-9137FED207D4}.Debug|Any CPU.Build.0 = Debug|Any CPU
		{75227553-679B-4C92-A696-9137FED207D4}.Debug|x64.ActiveCfg = Debug|Any CPU
		{75227553-679B-4C92-A696-9137FED207D4}.Debug|x64.Build.0 = Debug|Any CPU
		{75227553-679B-4C92-A696-9137FED207D4}.Debug|x86.ActiveCfg = Debug|Any CPU
		{75227553-679B-4C92-A696-9137FED207D4}.Debug|x86.Build.0 = Debug|Any CPU
		{75227553-679B-4C92-A696-9137FED207D4}.Release|Any CPU.ActiveCfg = Release|Any CPU
		{75227553-679B-4C92-A696-9137FED207D4}.Release|Any CPU.Build.0 = Release|Any CPU
		{75227553-679B-4C92-A696-9137FED207D4}.Release|x64.ActiveCfg = Release|Any CPU
		{75227553-679B-4C92-A696-9137FED207D4}.Release|x64.Build.0 = Release|Any CPU
		{75227553-679B-4C92-A696-9137FED207D4}.Release|x86.ActiveCfg = Release|Any CPU
		{75227553-679B-4C92-A696-9137FED207D4}.Release|x86.Build.0 = Release|Any CPU
		{373E5570-B983-42E0-837A-BED0AE0E6C4A}.Debug|Any CPU.ActiveCfg = Debug|Any CPU
		{373E5570-B983-42E0-837A-BED0AE0E6C4A}.Debug|Any CPU.Build.0 = Debug|Any CPU
		{373E5570-B983-42E0-837A-BED0AE0E6C4A}.Debug|x64.ActiveCfg = Debug|Any CPU
		{373E5570-B983-42E0-837A-BED0AE0E6C4A}.Debug|x64.Build.0 = Debug|Any CPU
		{373E5570-B983-42E0-837A-BED0AE0E6C4A}.Debug|x86.ActiveCfg = Debug|Any CPU
		{373E5570-B983-42E0-837A-BED0AE0E6C4A}.Debug|x86.Build.0 = Debug|Any CPU
		{373E5570-B983-42E0-837A-BED0AE0E6C4A}.Release|Any CPU.ActiveCfg = Release|Any CPU
		{373E5570-B983-42E0-837A-BED0AE0E6C4A}.Release|Any CPU.Build.0 = Release|Any CPU
		{373E5570-B983-42E0-837A-BED0AE0E6C4A}.Release|x64.ActiveCfg = Release|Any CPU
		{373E5570-B983-42E0-837A-BED0AE0E6C4A}.Release|x64.Build.0 = Release|Any CPU
		{373E5570-B983-42E0-837A-BED0AE0E6C4A}.Release|x86.ActiveCfg = Release|Any CPU
		{373E5570-B983-42E0-837A-BED0AE0E6C4A}.Release|x86.Build.0 = Release|Any CPU
		{E04F1D4F-330B-4C18-BE06-B9BDBAB7A756}.Debug|Any CPU.ActiveCfg = Debug|Any CPU
		{E04F1D4F-330B-4C18-BE06-B9BDBAB7A756}.Debug|Any CPU.Build.0 = Debug|Any CPU
		{E04F1D4F-330B-4C18-BE06-B9BDBAB7A756}.Debug|x64.ActiveCfg = Debug|Any CPU
		{E04F1D4F-330B-4C18-BE06-B9BDBAB7A756}.Debug|x64.Build.0 = Debug|Any CPU
		{E04F1D4F-330B-4C18-BE06-B9BDBAB7A756}.Debug|x86.ActiveCfg = Debug|Any CPU
		{E04F1D4F-330B-4C18-BE06-B9BDBAB7A756}.Debug|x86.Build.0 = Debug|Any CPU
		{E04F1D4F-330B-4C18-BE06-B9BDBAB7A756}.Release|Any CPU.ActiveCfg = Release|Any CPU
		{E04F1D4F-330B-4C18-BE06-B9BDBAB7A756}.Release|Any CPU.Build.0 = Release|Any CPU
		{E04F1D4F-330B-4C18-BE06-B9BDBAB7A756}.Release|x64.ActiveCfg = Release|Any CPU
		{E04F1D4F-330B-4C18-BE06-B9BDBAB7A756}.Release|x64.Build.0 = Release|Any CPU
		{E04F1D4F-330B-4C18-BE06-B9BDBAB7A756}.Release|x86.ActiveCfg = Release|Any CPU
		{E04F1D4F-330B-4C18-BE06-B9BDBAB7A756}.Release|x86.Build.0 = Release|Any CPU
	EndGlobalSection
	GlobalSection(SolutionProperties) = preSolution
		HideSolutionNode = FALSE
	EndGlobalSection
	GlobalSection(ExtensibilityGlobals) = postSolution
		SolutionGuid = {D0214A66-493C-4DAF-9D4C-900F99F652C6}
	EndGlobalSection
EndGlobal
