Microsoft Visual Studio Solution File, Format Version 12.00
# Visual Studio 15
VisualStudioVersion = 15.0.27130.2027
MinimumVisualStudioVersion = 15.0.26124.0
Project("{9A19103F-16F7-4668-BE54-9A1E7A4F7556}") = "Kaban.Server", "Kaban.Server\Kaban.Server.csproj", "{C4F0385A-6835-4C2B-BD9E-2F5B26E5FD6D}"
EndProject
Project("{9A19103F-16F7-4668-BE54-9A1E7A4F7556}") = "Kaban.Client", "Kaban.Client\Kaban.Client.csproj", "{DAA25B5D-7197-49D6-9D80-FD87E484173E}"
EndProject
Project("{9A19103F-16F7-4668-BE54-9A1E7A4F7556}") = "Kaban.Shared", "Kaban.Shared\Kaban.Shared.csproj", "{3DB74640-2DA1-4716-8E93-28C96E463B64}"
EndProject
Global
	GlobalSection(SolutionConfigurationPlatforms) = preSolution
		Debug|Any CPU = Debug|Any CPU
		Debug|x64 = Debug|x64
		Debug|x86 = Debug|x86
		Release|Any CPU = Release|Any CPU
		Release|x64 = Release|x64
		Release|x86 = Release|x86
	EndGlobalSection
	GlobalSection(ProjectConfigurationPlatforms) = postSolution
		{DAA25B5D-7197-49D6-9D80-FD87E484173E}.Debug|Any CPU.ActiveCfg = Debug|Any CPU
		{DAA25B5D-7197-49D6-9D80-FD87E484173E}.Debug|Any CPU.Build.0 = Debug|Any CPU
		{DAA25B5D-7197-49D6-9D80-FD87E484173E}.Debug|x64.ActiveCfg = Debug|Any CPU
		{DAA25B5D-7197-49D6-9D80-FD87E484173E}.Debug|x64.Build.0 = Debug|Any CPU
		{DAA25B5D-7197-49D6-9D80-FD87E484173E}.Debug|x86.ActiveCfg = Debug|Any CPU
		{DAA25B5D-7197-49D6-9D80-FD87E484173E}.Debug|x86.Build.0 = Debug|Any CPU
		{DAA25B5D-7197-49D6-9D80-FD87E484173E}.Release|Any CPU.ActiveCfg = Release|Any CPU
		{DAA25B5D-7197-49D6-9D80-FD87E484173E}.Release|Any CPU.Build.0 = Release|Any CPU
		{DAA25B5D-7197-49D6-9D80-FD87E484173E}.Release|x64.ActiveCfg = Release|Any CPU
		{DAA25B5D-7197-49D6-9D80-FD87E484173E}.Release|x64.Build.0 = Release|Any CPU
		{DAA25B5D-7197-49D6-9D80-FD87E484173E}.Release|x86.ActiveCfg = Release|Any CPU
		{DAA25B5D-7197-49D6-9D80-FD87E484173E}.Release|x86.Build.0 = Release|Any CPU
		{C4F0385A-6835-4C2B-BD9E-2F5B26E5FD6D}.Debug|Any CPU.ActiveCfg = Debug|Any CPU
		{C4F0385A-6835-4C2B-BD9E-2F5B26E5FD6D}.Debug|Any CPU.Build.0 = Debug|Any CPU
		{C4F0385A-6835-4C2B-BD9E-2F5B26E5FD6D}.Debug|x64.ActiveCfg = Debug|Any CPU
		{C4F0385A-6835-4C2B-BD9E-2F5B26E5FD6D}.Debug|x64.Build.0 = Debug|Any CPU
		{C4F0385A-6835-4C2B-BD9E-2F5B26E5FD6D}.Debug|x86.ActiveCfg = Debug|Any CPU
		{C4F0385A-6835-4C2B-BD9E-2F5B26E5FD6D}.Debug|x86.Build.0 = Debug|Any CPU
		{C4F0385A-6835-4C2B-BD9E-2F5B26E5FD6D}.Release|Any CPU.ActiveCfg = Release|Any CPU
		{C4F0385A-6835-4C2B-BD9E-2F5B26E5FD6D}.Release|Any CPU.Build.0 = Release|Any CPU
		{C4F0385A-6835-4C2B-BD9E-2F5B26E5FD6D}.Release|x64.ActiveCfg = Release|Any CPU
		{C4F0385A-6835-4C2B-BD9E-2F5B26E5FD6D}.Release|x64.Build.0 = Release|Any CPU
		{C4F0385A-6835-4C2B-BD9E-2F5B26E5FD6D}.Release|x86.ActiveCfg = Release|Any CPU
		{C4F0385A-6835-4C2B-BD9E-2F5B26E5FD6D}.Release|x86.Build.0 = Release|Any CPU
		{3DB74640-2DA1-4716-8E93-28C96E463B64}.Debug|Any CPU.ActiveCfg = Debug|Any CPU
		{3DB74640-2DA1-4716-8E93-28C96E463B64}.Debug|Any CPU.Build.0 = Debug|Any CPU
		{3DB74640-2DA1-4716-8E93-28C96E463B64}.Debug|x64.ActiveCfg = Debug|Any CPU
		{3DB74640-2DA1-4716-8E93-28C96E463B64}.Debug|x64.Build.0 = Debug|Any CPU
		{3DB74640-2DA1-4716-8E93-28C96E463B64}.Debug|x86.ActiveCfg = Debug|Any CPU
		{3DB74640-2DA1-4716-8E93-28C96E463B64}.Debug|x86.Build.0 = Debug|Any CPU
		{3DB74640-2DA1-4716-8E93-28C96E463B64}.Release|Any CPU.ActiveCfg = Release|Any CPU
		{3DB74640-2DA1-4716-8E93-28C96E463B64}.Release|Any CPU.Build.0 = Release|Any CPU
		{3DB74640-2DA1-4716-8E93-28C96E463B64}.Release|x64.ActiveCfg = Release|Any CPU
		{3DB74640-2DA1-4716-8E93-28C96E463B64}.Release|x64.Build.0 = Release|Any CPU
		{3DB74640-2DA1-4716-8E93-28C96E463B64}.Release|x86.ActiveCfg = Release|Any CPU
		{3DB74640-2DA1-4716-8E93-28C96E463B64}.Release|x86.Build.0 = Release|Any CPU
	EndGlobalSection
	GlobalSection(SolutionProperties) = preSolution
		HideSolutionNode = FALSE
	EndGlobalSection
	GlobalSection(ExtensibilityGlobals) = postSolution
		SolutionGuid = {088488DB-DE28-4127-80FD-E7524E8AA3DA}
	EndGlobalSection
EndGlobal
